// !$*UTF8*$!
{
	archiveVersion = 1;
	classes = {
	};
	objectVersion = 50;
	objects = {

/* Begin PBXBuildFile section */
		E3C26DC9264B14D600A89789 /* AppDelegate.swift in Sources */ = {isa = PBXBuildFile; fileRef = E3C26DC8264B14D600A89789 /* AppDelegate.swift */; };
		E3C26DCB264B14D600A89789 /* SceneDelegate.swift in Sources */ = {isa = PBXBuildFile; fileRef = E3C26DCA264B14D600A89789 /* SceneDelegate.swift */; };
		E3C26DCD264B14D600A89789 /* ViewController.swift in Sources */ = {isa = PBXBuildFile; fileRef = E3C26DCC264B14D600A89789 /* ViewController.swift */; };
		E3C26DD0264B14D600A89789 /* Main.storyboard in Resources */ = {isa = PBXBuildFile; fileRef = E3C26DCE264B14D600A89789 /* Main.storyboard */; };
		E3C26DD2264B14E600A89789 /* Assets.xcassets in Resources */ = {isa = PBXBuildFile; fileRef = E3C26DD1264B14E600A89789 /* Assets.xcassets */; };
		E3C26DD5264B14E600A89789 /* LaunchScreen.storyboard in Resources */ = {isa = PBXBuildFile; fileRef = E3C26DD3264B14E600A89789 /* LaunchScreen.storyboard */; };
		E3C26DE0264B14E700A89789 /* benichan_05_calculatorTests.swift in Sources */ = {isa = PBXBuildFile; fileRef = E3C26DDF264B14E700A89789 /* benichan_05_calculatorTests.swift */; };
		E3C26DEB264B14E700A89789 /* benichan_05_calculatorUITests.swift in Sources */ = {isa = PBXBuildFile; fileRef = E3C26DEA264B14E700A89789 /* benichan_05_calculatorUITests.swift */; };
/* End PBXBuildFile section */

/* Begin PBXContainerItemProxy section */
		E3C26DDC264B14E700A89789 /* PBXContainerItemProxy */ = {
			isa = PBXContainerItemProxy;
			containerPortal = E3C26DBD264B14D600A89789 /* Project object */;
			proxyType = 1;
			remoteGlobalIDString = E3C26DC4264B14D600A89789;
			remoteInfo = benichan_05_calculator;
		};
		E3C26DE7264B14E700A89789 /* PBXContainerItemProxy */ = {
			isa = PBXContainerItemProxy;
			containerPortal = E3C26DBD264B14D600A89789 /* Project object */;
			proxyType = 1;
			remoteGlobalIDString = E3C26DC4264B14D600A89789;
			remoteInfo = benichan_05_calculator;
		};
/* End PBXContainerItemProxy section */

/* Begin PBXFileReference section */
		E3C26DC5264B14D600A89789 /* benichan_05_calculator.app */ = {isa = PBXFileReference; explicitFileType = wrapper.application; includeInIndex = 0; path = benichan_05_calculator.app; sourceTree = BUILT_PRODUCTS_DIR; };
		E3C26DC8264B14D600A89789 /* AppDelegate.swift */ = {isa = PBXFileReference; lastKnownFileType = sourcecode.swift; path = AppDelegate.swift; sourceTree = "<group>"; };
		E3C26DCA264B14D600A89789 /* SceneDelegate.swift */ = {isa = PBXFileReference; lastKnownFileType = sourcecode.swift; path = SceneDelegate.swift; sourceTree = "<group>"; };
		E3C26DCC264B14D600A89789 /* ViewController.swift */ = {isa = PBXFileReference; lastKnownFileType = sourcecode.swift; path = ViewController.swift; sourceTree = "<group>"; };
		E3C26DCF264B14D600A89789 /* Base */ = {isa = PBXFileReference; lastKnownFileType = file.storyboard; name = Base; path = Base.lproj/Main.storyboard; sourceTree = "<group>"; };
		E3C26DD1264B14E600A89789 /* Assets.xcassets */ = {isa = PBXFileReference; lastKnownFileType = folder.assetcatalog; path = Assets.xcassets; sourceTree = "<group>"; };
		E3C26DD4264B14E600A89789 /* Base */ = {isa = PBXFileReference; lastKnownFileType = file.storyboard; name = Base; path = Base.lproj/LaunchScreen.storyboard; sourceTree = "<group>"; };
		E3C26DD6264B14E600A89789 /* Info.plist */ = {isa = PBXFileReference; lastKnownFileType = text.plist.xml; path = Info.plist; sourceTree = "<group>"; };
		E3C26DDB264B14E700A89789 /* benichan_05_calculatorTests.xctest */ = {isa = PBXFileReference; explicitFileType = wrapper.cfbundle; includeInIndex = 0; path = benichan_05_calculatorTests.xctest; sourceTree = BUILT_PRODUCTS_DIR; };
		E3C26DDF264B14E700A89789 /* benichan_05_calculatorTests.swift */ = {isa = PBXFileReference; lastKnownFileType = sourcecode.swift; path = benichan_05_calculatorTests.swift; sourceTree = "<group>"; };
		E3C26DE1264B14E700A89789 /* Info.plist */ = {isa = PBXFileReference; lastKnownFileType = text.plist.xml; path = Info.plist; sourceTree = "<group>"; };
		E3C26DE6264B14E700A89789 /* benichan_05_calculatorUITests.xctest */ = {isa = PBXFileReference; explicitFileType = wrapper.cfbundle; includeInIndex = 0; path = benichan_05_calculatorUITests.xctest; sourceTree = BUILT_PRODUCTS_DIR; };
		E3C26DEA264B14E700A89789 /* benichan_05_calculatorUITests.swift */ = {isa = PBXFileReference; lastKnownFileType = sourcecode.swift; path = benichan_05_calculatorUITests.swift; sourceTree = "<group>"; };
		E3C26DEC264B14E700A89789 /* Info.plist */ = {isa = PBXFileReference; lastKnownFileType = text.plist.xml; path = Info.plist; sourceTree = "<group>"; };
/* End PBXFileReference section */

/* Begin PBXFrameworksBuildPhase section */
		E3C26DC2264B14D600A89789 /* Frameworks */ = {
			isa = PBXFrameworksBuildPhase;
			buildActionMask = 2147483647;
			files = (
			);
			runOnlyForDeploymentPostprocessing = 0;
		};
		E3C26DD8264B14E700A89789 /* Frameworks */ = {
			isa = PBXFrameworksBuildPhase;
			buildActionMask = 2147483647;
			files = (
			);
			runOnlyForDeploymentPostprocessing = 0;
		};
		E3C26DE3264B14E700A89789 /* Frameworks */ = {
			isa = PBXFrameworksBuildPhase;
			buildActionMask = 2147483647;
			files = (
			);
			runOnlyForDeploymentPostprocessing = 0;
		};
/* End PBXFrameworksBuildPhase section */

/* Begin PBXGroup section */
		E3C26DBC264B14D600A89789 = {
			isa = PBXGroup;
			children = (
				E3C26DC7264B14D600A89789 /* benichan_05_calculator */,
				E3C26DDE264B14E700A89789 /* benichan_05_calculatorTests */,
				E3C26DE9264B14E700A89789 /* benichan_05_calculatorUITests */,
				E3C26DC6264B14D600A89789 /* Products */,
			);
			sourceTree = "<group>";
		};
		E3C26DC6264B14D600A89789 /* Products */ = {
			isa = PBXGroup;
			children = (
				E3C26DC5264B14D600A89789 /* benichan_05_calculator.app */,
				E3C26DDB264B14E700A89789 /* benichan_05_calculatorTests.xctest */,
				E3C26DE6264B14E700A89789 /* benichan_05_calculatorUITests.xctest */,
			);
			name = Products;
			sourceTree = "<group>";
		};
		E3C26DC7264B14D600A89789 /* benichan_05_calculator */ = {
			isa = PBXGroup;
			children = (
				E3C26DC8264B14D600A89789 /* AppDelegate.swift */,
				E3C26DCA264B14D600A89789 /* SceneDelegate.swift */,
				E3C26DCC264B14D600A89789 /* ViewController.swift */,
				E3C26DCE264B14D600A89789 /* Main.storyboard */,
				E3C26DD1264B14E600A89789 /* Assets.xcassets */,
				E3C26DD3264B14E600A89789 /* LaunchScreen.storyboard */,
				E3C26DD6264B14E600A89789 /* Info.plist */,
			);
			path = benichan_05_calculator;
			sourceTree = "<group>";
		};
		E3C26DDE264B14E700A89789 /* benichan_05_calculatorTests */ = {
			isa = PBXGroup;
			children = (
				E3C26DDF264B14E700A89789 /* benichan_05_calculatorTests.swift */,
				E3C26DE1264B14E700A89789 /* Info.plist */,
			);
			path = benichan_05_calculatorTests;
			sourceTree = "<group>";
		};
		E3C26DE9264B14E700A89789 /* benichan_05_calculatorUITests */ = {
			isa = PBXGroup;
			children = (
				E3C26DEA264B14E700A89789 /* benichan_05_calculatorUITests.swift */,
				E3C26DEC264B14E700A89789 /* Info.plist */,
			);
			path = benichan_05_calculatorUITests;
			sourceTree = "<group>";
		};
/* End PBXGroup section */

/* Begin PBXNativeTarget section */
		E3C26DC4264B14D600A89789 /* benichan_05_calculator */ = {
			isa = PBXNativeTarget;
			buildConfigurationList = E3C26DEF264B14E700A89789 /* Build configuration list for PBXNativeTarget "benichan_05_calculator" */;
			buildPhases = (
				E3C26DC1264B14D600A89789 /* Sources */,
				E3C26DC2264B14D600A89789 /* Frameworks */,
				E3C26DC3264B14D600A89789 /* Resources */,
			);
			buildRules = (
			);
			dependencies = (
			);
			name = benichan_05_calculator;
			productName = benichan_05_calculator;
			productReference = E3C26DC5264B14D600A89789 /* benichan_05_calculator.app */;
			productType = "com.apple.product-type.application";
		};
		E3C26DDA264B14E700A89789 /* benichan_05_calculatorTests */ = {
			isa = PBXNativeTarget;
			buildConfigurationList = E3C26DF2264B14E700A89789 /* Build configuration list for PBXNativeTarget "benichan_05_calculatorTests" */;
			buildPhases = (
				E3C26DD7264B14E700A89789 /* Sources */,
				E3C26DD8264B14E700A89789 /* Frameworks */,
				E3C26DD9264B14E700A89789 /* Resources */,
			);
			buildRules = (
			);
			dependencies = (
				E3C26DDD264B14E700A89789 /* PBXTargetDependency */,
			);
			name = benichan_05_calculatorTests;
			productName = benichan_05_calculatorTests;
			productReference = E3C26DDB264B14E700A89789 /* benichan_05_calculatorTests.xctest */;
			productType = "com.apple.product-type.bundle.unit-test";
		};
		E3C26DE5264B14E700A89789 /* benichan_05_calculatorUITests */ = {
			isa = PBXNativeTarget;
			buildConfigurationList = E3C26DF5264B14E700A89789 /* Build configuration list for PBXNativeTarget "benichan_05_calculatorUITests" */;
			buildPhases = (
				E3C26DE2264B14E700A89789 /* Sources */,
				E3C26DE3264B14E700A89789 /* Frameworks */,
				E3C26DE4264B14E700A89789 /* Resources */,
			);
			buildRules = (
			);
			dependencies = (
				E3C26DE8264B14E700A89789 /* PBXTargetDependency */,
			);
			name = benichan_05_calculatorUITests;
			productName = benichan_05_calculatorUITests;
			productReference = E3C26DE6264B14E700A89789 /* benichan_05_calculatorUITests.xctest */;
			productType = "com.apple.product-type.bundle.ui-testing";
		};
/* End PBXNativeTarget section */

/* Begin PBXProject section */
		E3C26DBD264B14D600A89789 /* Project object */ = {
			isa = PBXProject;
			attributes = {
				LastSwiftUpdateCheck = 1250;
				LastUpgradeCheck = 1250;
				TargetAttributes = {
					E3C26DC4264B14D600A89789 = {
						CreatedOnToolsVersion = 12.5;
					};
					E3C26DDA264B14E700A89789 = {
						CreatedOnToolsVersion = 12.5;
						TestTargetID = E3C26DC4264B14D600A89789;
					};
					E3C26DE5264B14E700A89789 = {
						CreatedOnToolsVersion = 12.5;
						TestTargetID = E3C26DC4264B14D600A89789;
					};
				};
			};
			buildConfigurationList = E3C26DC0264B14D600A89789 /* Build configuration list for PBXProject "benichan_05_calculator" */;
			compatibilityVersion = "Xcode 9.3";
			developmentRegion = en;
			hasScannedForEncodings = 0;
			knownRegions = (
				en,
				Base,
			);
			mainGroup = E3C26DBC264B14D600A89789;
			productRefGroup = E3C26DC6264B14D600A89789 /* Products */;
			projectDirPath = "";
			projectRoot = "";
			targets = (
				E3C26DC4264B14D600A89789 /* benichan_05_calculator */,
				E3C26DDA264B14E700A89789 /* benichan_05_calculatorTests */,
				E3C26DE5264B14E700A89789 /* benichan_05_calculatorUITests */,
			);
		};
/* End PBXProject section */

/* Begin PBXResourcesBuildPhase section */
		E3C26DC3264B14D600A89789 /* Resources */ = {
			isa = PBXResourcesBuildPhase;
			buildActionMask = 2147483647;
			files = (
				E3C26DD5264B14E600A89789 /* LaunchScreen.storyboard in Resources */,
				E3C26DD2264B14E600A89789 /* Assets.xcassets in Resources */,
				E3C26DD0264B14D600A89789 /* Main.storyboard in Resources */,
			);
			runOnlyForDeploymentPostprocessing = 0;
		};
		E3C26DD9264B14E700A89789 /* Resources */ = {
			isa = PBXResourcesBuildPhase;
			buildActionMask = 2147483647;
			files = (
			);
			runOnlyForDeploymentPostprocessing = 0;
		};
		E3C26DE4264B14E700A89789 /* Resources */ = {
			isa = PBXResourcesBuildPhase;
			buildActionMask = 2147483647;
			files = (
			);
			runOnlyForDeploymentPostprocessing = 0;
		};
/* End PBXResourcesBuildPhase section */

/* Begin PBXSourcesBuildPhase section */
		E3C26DC1264B14D600A89789 /* Sources */ = {
			isa = PBXSourcesBuildPhase;
			buildActionMask = 2147483647;
			files = (
				E3C26DCD264B14D600A89789 /* ViewController.swift in Sources */,
				E3C26DC9264B14D600A89789 /* AppDelegate.swift in Sources */,
				E3C26DCB264B14D600A89789 /* SceneDelegate.swift in Sources */,
			);
			runOnlyForDeploymentPostprocessing = 0;
		};
		E3C26DD7264B14E700A89789 /* Sources */ = {
			isa = PBXSourcesBuildPhase;
			buildActionMask = 2147483647;
			files = (
				E3C26DE0264B14E700A89789 /* benichan_05_calculatorTests.swift in Sources */,
			);
			runOnlyForDeploymentPostprocessing = 0;
		};
		E3C26DE2264B14E700A89789 /* Sources */ = {
			isa = PBXSourcesBuildPhase;
			buildActionMask = 2147483647;
			files = (
				E3C26DEB264B14E700A89789 /* benichan_05_calculatorUITests.swift in Sources */,
			);
			runOnlyForDeploymentPostprocessing = 0;
		};
/* End PBXSourcesBuildPhase section */

/* Begin PBXTargetDependency section */
		E3C26DDD264B14E700A89789 /* PBXTargetDependency */ = {
			isa = PBXTargetDependency;
			target = E3C26DC4264B14D600A89789 /* benichan_05_calculator */;
			targetProxy = E3C26DDC264B14E700A89789 /* PBXContainerItemProxy */;
		};
		E3C26DE8264B14E700A89789 /* PBXTargetDependency */ = {
			isa = PBXTargetDependency;
			target = E3C26DC4264B14D600A89789 /* benichan_05_calculator */;
			targetProxy = E3C26DE7264B14E700A89789 /* PBXContainerItemProxy */;
		};
/* End PBXTargetDependency section */

/* Begin PBXVariantGroup section */
		E3C26DCE264B14D600A89789 /* Main.storyboard */ = {
			isa = PBXVariantGroup;
			children = (
				E3C26DCF264B14D600A89789 /* Base */,
			);
			name = Main.storyboard;
			sourceTree = "<group>";
		};
		E3C26DD3264B14E600A89789 /* LaunchScreen.storyboard */ = {
			isa = PBXVariantGroup;
			children = (
				E3C26DD4264B14E600A89789 /* Base */,
			);
			name = LaunchScreen.storyboard;
			sourceTree = "<group>";
		};
/* End PBXVariantGroup section */

/* Begin XCBuildConfiguration section */
		E3C26DED264B14E700A89789 /* Debug */ = {
			isa = XCBuildConfiguration;
			buildSettings = {
				ALWAYS_SEARCH_USER_PATHS = NO;
				CLANG_ANALYZER_NONNULL = YES;
				CLANG_ANALYZER_NUMBER_OBJECT_CONVERSION = YES_AGGRESSIVE;
				CLANG_CXX_LANGUAGE_STANDARD = "gnu++14";
				CLANG_CXX_LIBRARY = "libc++";
				CLANG_ENABLE_MODULES = YES;
				CLANG_ENABLE_OBJC_ARC = YES;
				CLANG_ENABLE_OBJC_WEAK = YES;
				CLANG_WARN_BLOCK_CAPTURE_AUTORELEASING = YES;
				CLANG_WARN_BOOL_CONVERSION = YES;
				CLANG_WARN_COMMA = YES;
				CLANG_WARN_CONSTANT_CONVERSION = YES;
				CLANG_WARN_DEPRECATED_OBJC_IMPLEMENTATIONS = YES;
				CLANG_WARN_DIRECT_OBJC_ISA_USAGE = YES_ERROR;
				CLANG_WARN_DOCUMENTATION_COMMENTS = YES;
				CLANG_WARN_EMPTY_BODY = YES;
				CLANG_WARN_ENUM_CONVERSION = YES;
				CLANG_WARN_INFINITE_RECURSION = YES;
				CLANG_WARN_INT_CONVERSION = YES;
				CLANG_WARN_NON_LITERAL_NULL_CONVERSION = YES;
				CLANG_WARN_OBJC_IMPLICIT_RETAIN_SELF = YES;
				CLANG_WARN_OBJC_LITERAL_CONVERSION = YES;
				CLANG_WARN_OBJC_ROOT_CLASS = YES_ERROR;
				CLANG_WARN_QUOTED_INCLUDE_IN_FRAMEWORK_HEADER = YES;
				CLANG_WARN_RANGE_LOOP_ANALYSIS = YES;
				CLANG_WARN_STRICT_PROTOTYPES = YES;
				CLANG_WARN_SUSPICIOUS_MOVE = YES;
				CLANG_WARN_UNGUARDED_AVAILABILITY = YES_AGGRESSIVE;
				CLANG_WARN_UNREACHABLE_CODE = YES;
				CLANG_WARN__DUPLICATE_METHOD_MATCH = YES;
				COPY_PHASE_STRIP = NO;
				DEBUG_INFORMATION_FORMAT = dwarf;
				ENABLE_STRICT_OBJC_MSGSEND = YES;
				ENABLE_TESTABILITY = YES;
				GCC_C_LANGUAGE_STANDARD = gnu11;
				GCC_DYNAMIC_NO_PIC = NO;
				GCC_NO_COMMON_BLOCKS = YES;
				GCC_OPTIMIZATION_LEVEL = 0;
				GCC_PREPROCESSOR_DEFINITIONS = (
					"DEBUG=1",
					"$(inherited)",
				);
				GCC_WARN_64_TO_32_BIT_CONVERSION = YES;
				GCC_WARN_ABOUT_RETURN_TYPE = YES_ERROR;
				GCC_WARN_UNDECLARED_SELECTOR = YES;
				GCC_WARN_UNINITIALIZED_AUTOS = YES_AGGRESSIVE;
				GCC_WARN_UNUSED_FUNCTION = YES;
				GCC_WARN_UNUSED_VARIABLE = YES;
				IPHONEOS_DEPLOYMENT_TARGET = 14.5;
				MTL_ENABLE_DEBUG_INFO = INCLUDE_SOURCE;
				MTL_FAST_MATH = YES;
				ONLY_ACTIVE_ARCH = YES;
				SDKROOT = iphoneos;
				SWIFT_ACTIVE_COMPILATION_CONDITIONS = DEBUG;
				SWIFT_OPTIMIZATION_LEVEL = "-Onone";
			};
			name = Debug;
		};
		E3C26DEE264B14E700A89789 /* Release */ = {
			isa = XCBuildConfiguration;
			buildSettings = {
				ALWAYS_SEARCH_USER_PATHS = NO;
				CLANG_ANALYZER_NONNULL = YES;
				CLANG_ANALYZER_NUMBER_OBJECT_CONVERSION = YES_AGGRESSIVE;
				CLANG_CXX_LANGUAGE_STANDARD = "gnu++14";
				CLANG_CXX_LIBRARY = "libc++";
				CLANG_ENABLE_MODULES = YES;
				CLANG_ENABLE_OBJC_ARC = YES;
				CLANG_ENABLE_OBJC_WEAK = YES;
				CLANG_WARN_BLOCK_CAPTURE_AUTORELEASING = YES;
				CLANG_WARN_BOOL_CONVERSION = YES;
				CLANG_WARN_COMMA = YES;
				CLANG_WARN_CONSTANT_CONVERSION = YES;
				CLANG_WARN_DEPRECATED_OBJC_IMPLEMENTATIONS = YES;
				CLANG_WARN_DIRECT_OBJC_ISA_USAGE = YES_ERROR;
				CLANG_WARN_DOCUMENTATION_COMMENTS = YES;
				CLANG_WARN_EMPTY_BODY = YES;
				CLANG_WARN_ENUM_CONVERSION = YES;
				CLANG_WARN_INFINITE_RECURSION = YES;
				CLANG_WARN_INT_CONVERSION = YES;
				CLANG_WARN_NON_LITERAL_NULL_CONVERSION = YES;
				CLANG_WARN_OBJC_IMPLICIT_RETAIN_SELF = YES;
				CLANG_WARN_OBJC_LITERAL_CONVERSION = YES;
				CLANG_WARN_OBJC_ROOT_CLASS = YES_ERROR;
				CLANG_WARN_QUOTED_INCLUDE_IN_FRAMEWORK_HEADER = YES;
				CLANG_WARN_RANGE_LOOP_ANALYSIS = YES;
				CLANG_WARN_STRICT_PROTOTYPES = YES;
				CLANG_WARN_SUSPICIOUS_MOVE = YES;
				CLANG_WARN_UNGUARDED_AVAILABILITY = YES_AGGRESSIVE;
				CLANG_WARN_UNREACHABLE_CODE = YES;
				CLANG_WARN__DUPLICATE_METHOD_MATCH = YES;
				COPY_PHASE_STRIP = NO;
				DEBUG_INFORMATION_FORMAT = "dwarf-with-dsym";
				ENABLE_NS_ASSERTIONS = NO;
				ENABLE_STRICT_OBJC_MSGSEND = YES;
				GCC_C_LANGUAGE_STANDARD = gnu11;
				GCC_NO_COMMON_BLOCKS = YES;
				GCC_WARN_64_TO_32_BIT_CONVERSION = YES;
				GCC_WARN_ABOUT_RETURN_TYPE = YES_ERROR;
				GCC_WARN_UNDECLARED_SELECTOR = YES;
				GCC_WARN_UNINITIALIZED_AUTOS = YES_AGGRESSIVE;
				GCC_WARN_UNUSED_FUNCTION = YES;
				GCC_WARN_UNUSED_VARIABLE = YES;
				IPHONEOS_DEPLOYMENT_TARGET = 14.5;
				MTL_ENABLE_DEBUG_INFO = NO;
				MTL_FAST_MATH = YES;
				SDKROOT = iphoneos;
				SWIFT_COMPILATION_MODE = wholemodule;
				SWIFT_OPTIMIZATION_LEVEL = "-O";
				VALIDATE_PRODUCT = YES;
			};
			name = Release;
		};
		E3C26DF0264B14E700A89789 /* Debug */ = {
			isa = XCBuildConfiguration;
			buildSettings = {
				ASSETCATALOG_COMPILER_APPICON_NAME = AppIcon;
				ASSETCATALOG_COMPILER_GLOBAL_ACCENT_COLOR_NAME = AccentColor;
				CODE_SIGN_STYLE = Automatic;
				INFOPLIST_FILE = benichan_05_calculator/Info.plist;
				LD_RUNPATH_SEARCH_PATHS = (
					"$(inherited)",
					"@executable_path/Frameworks",
				);
				PRODUCT_BUNDLE_IDENTIFIER = "app.kono.benichan.benichan-05-calculator";
				PRODUCT_NAME = "$(TARGET_NAME)";
				SWIFT_VERSION = 5.0;
				TARGETED_DEVICE_FAMILY = "1,2";
			};
			name = Debug;
		};
		E3C26DF1264B14E700A89789 /* Release */ = {
			isa = XCBuildConfiguration;
			buildSettings = {
				ASSETCATALOG_COMPILER_APPICON_NAME = AppIcon;
				ASSETCATALOG_COMPILER_GLOBAL_ACCENT_COLOR_NAME = AccentColor;
				CODE_SIGN_STYLE = Automatic;
				INFOPLIST_FILE = benichan_05_calculator/Info.plist;
				LD_RUNPATH_SEARCH_PATHS = (
					"$(inherited)",
					"@executable_path/Frameworks",
				);
				PRODUCT_BUNDLE_IDENTIFIER = "app.kono.benichan.benichan-05-calculator";
				PRODUCT_NAME = "$(TARGET_NAME)";
				SWIFT_VERSION = 5.0;
				TARGETED_DEVICE_FAMILY = "1,2";
			};
			name = Release;
		};
		E3C26DF3264B14E700A89789 /* Debug */ = {
			isa = XCBuildConfiguration;
			buildSettings = {
				ALWAYS_EMBED_SWIFT_STANDARD_LIBRARIES = YES;
				BUNDLE_LOADER = "$(TEST_HOST)";
				CODE_SIGN_STYLE = Automatic;
				INFOPLIST_FILE = benichan_05_calculatorTests/Info.plist;
				IPHONEOS_DEPLOYMENT_TARGET = 14.5;
				LD_RUNPATH_SEARCH_PATHS = (
					"$(inherited)",
					"@executable_path/Frameworks",
					"@loader_path/Frameworks",
				);
				PRODUCT_BUNDLE_IDENTIFIER = "app.kono.benichan.benichan-05-calculatorTests";
				PRODUCT_NAME = "$(TARGET_NAME)";
				SWIFT_VERSION = 5.0;
				TARGETED_DEVICE_FAMILY = "1,2";
				TEST_HOST = "$(BUILT_PRODUCTS_DIR)/benichan_05_calculator.app/benichan_05_calculator";
			};
			name = Debug;
		};
		E3C26DF4264B14E700A89789 /* Release */ = {
			isa = XCBuildConfiguration;
			buildSettings = {
				ALWAYS_EMBED_SWIFT_STANDARD_LIBRARIES = YES;
				BUNDLE_LOADER = "$(TEST_HOST)";
				CODE_SIGN_STYLE = Automatic;
				INFOPLIST_FILE = benichan_05_calculatorTests/Info.plist;
				IPHONEOS_DEPLOYMENT_TARGET = 14.5;
				LD_RUNPATH_SEARCH_PATHS = (
					"$(inherited)",
					"@executable_path/Frameworks",
					"@loader_path/Frameworks",
				);
				PRODUCT_BUNDLE_IDENTIFIER = "app.kono.benichan.benichan-05-calculatorTests";
				PRODUCT_NAME = "$(TARGET_NAME)";
				SWIFT_VERSION = 5.0;
				TARGETED_DEVICE_FAMILY = "1,2";
				TEST_HOST = "$(BUILT_PRODUCTS_DIR)/benichan_05_calculator.app/benichan_05_calculator";
			};
			name = Release;
		};
		E3C26DF6264B14E700A89789 /* Debug */ = {
			isa = XCBuildConfiguration;
			buildSettings = {
				ALWAYS_EMBED_SWIFT_STANDARD_LIBRARIES = YES;
				CODE_SIGN_STYLE = Automatic;
				INFOPLIST_FILE = benichan_05_calculatorUITests/Info.plist;
				LD_RUNPATH_SEARCH_PATHS = (
					"$(inherited)",
					"@executable_path/Frameworks",
					"@loader_path/Frameworks",
				);
				PRODUCT_BUNDLE_IDENTIFIER = "app.kono.benichan.benichan-05-calculatorUITests";
				PRODUCT_NAME = "$(TARGET_NAME)";
				SWIFT_VERSION = 5.0;
				TARGETED_DEVICE_FAMILY = "1,2";
				TEST_TARGET_NAME = benichan_05_calculator;
			};
			name = Debug;
		};
		E3C26DF7264B14E700A89789 /* Release */ = {
			isa = XCBuildConfiguration;
			buildSettings = {
				ALWAYS_EMBED_SWIFT_STANDARD_LIBRARIES = YES;
				CODE_SIGN_STYLE = Automatic;
				INFOPLIST_FILE = benichan_05_calculatorUITests/Info.plist;
				LD_RUNPATH_SEARCH_PATHS = (
					"$(inherited)",
					"@executable_path/Frameworks",
					"@loader_path/Frameworks",
				);
				PRODUCT_BUNDLE_IDENTIFIER = "app.kono.benichan.benichan-05-calculatorUITests";
				PRODUCT_NAME = "$(TARGET_NAME)";
				SWIFT_VERSION = 5.0;
				TARGETED_DEVICE_FAMILY = "1,2";
				TEST_TARGET_NAME = benichan_05_calculator;
			};
			name = Release;
		};
/* End XCBuildConfiguration section */

/* Begin XCConfigurationList section */
		E3C26DC0264B14D600A89789 /* Build configuration list for PBXProject "benichan_05_calculator" */ = {
			isa = XCConfigurationList;
			buildConfigurations = (
				E3C26DED264B14E700A89789 /* Debug */,
				E3C26DEE264B14E700A89789 /* Release */,
			);
			defaultConfigurationIsVisible = 0;
			defaultConfigurationName = Release;
		};
		E3C26DEF264B14E700A89789 /* Build configuration list for PBXNativeTarget "benichan_05_calculator" */ = {
			isa = XCConfigurationList;
			buildConfigurations = (
				E3C26DF0264B14E700A89789 /* Debug */,
				E3C26DF1264B14E700A89789 /* Release */,
			);
			defaultConfigurationIsVisible = 0;
			defaultConfigurationName = Release;
		};
		E3C26DF2264B14E700A89789 /* Build configuration list for PBXNativeTarget "benichan_05_calculatorTests" */ = {
			isa = XCConfigurationList;
			buildConfigurations = (
				E3C26DF3264B14E700A89789 /* Debug */,
				E3C26DF4264B14E700A89789 /* Release */,
			);
			defaultConfigurationIsVisible = 0;
			defaultConfigurationName = Release;
		};
		E3C26DF5264B14E700A89789 /* Build configuration list for PBXNativeTarget "benichan_05_calculatorUITests" */ = {
			isa = XCConfigurationList;
			buildConfigurations = (
				E3C26DF6264B14E700A89789 /* Debug */,
				E3C26DF7264B14E700A89789 /* Release */,
			);
			defaultConfigurationIsVisible = 0;
			defaultConfigurationName = Release;
		};
/* End XCConfigurationList section */
	};
	rootObject = E3C26DBD264B14D600A89789 /* Project object */;
}
